
Microsoft Visual Studio Solution File, Format Version 12.00
# Visual Studio Version 17
VisualStudioVersion = 17.13.35931.197 d17.13
MinimumVisualStudioVersion = 10.0.40219.1
Project("{FAE04EC0-301F-11D3-BF4B-00C04F79EFBC}") = "QaT", "QaT\QaT.csproj", "{7175575B-372A-4D4D-BBF3-DF86CCBF0A4A}"
EndProject
Global
	GlobalSection(SolutionConfigurationPlatforms) = preSolution
		Debug|Any CPU = Debug|Any CPU
		Release|Any CPU = Release|Any CPU
	EndGlobalSection
	GlobalSection(ProjectConfigurationPlatforms) = postSolution
		{7175575B-372A-4D4D-BBF3-DF86CCBF0A4A}.Debug|Any CPU.ActiveCfg = Debug|Any CPU
		{7175575B-372A-4D4D-BBF3-DF86CCBF0A4A}.Debug|Any CPU.Build.0 = Debug|Any CPU
		{7175575B-372A-4D4D-BBF3-DF86CCBF0A4A}.Release|Any CPU.ActiveCfg = Release|Any CPU
		{7175575B-372A-4D4D-BBF3-DF86CCBF0A4A}.Release|Any CPU.Build.0 = Release|Any CPU
	EndGlobalSection
	GlobalSection(SolutionProperties) = preSolution
		HideSolutionNode = FALSE
	EndGlobalSection
	GlobalSection(ExtensibilityGlobals) = postSolution
		SolutionGuid = {F5E03620-8B1E-46A1-9571-9A66DE73DFF6}
	EndGlobalSection
EndGlobal
